// !$*UTF8*$!
{
	archiveVersion = 1;
	classes = {
	};
	objectVersion = 46;
	objects = {

/* Begin PBXBuildFile section */
		C757BB4813376306002C43F3 /* InfoPlist.strings in Resources */ = {isa = PBXBuildFile; fileRef = C757BB4613376306002C43F3 /* InfoPlist.strings */; };
		C757BB5C13376408002C43F3 /* FMMP4Atom.h in Headers */ = {isa = PBXBuildFile; fileRef = C757BB5613376408002C43F3 /* FMMP4Atom.h */; };
		C757BB5D13376408002C43F3 /* FMMP4Atom.cpp in Sources */ = {isa = PBXBuildFile; fileRef = C757BB5713376408002C43F3 /* FMMP4Atom.cpp */; };
		C79ABA70133A03600074BDB7 /* main.cpp in Sources */ = {isa = PBXBuildFile; fileRef = C79ABA6F133A03600074BDB7 /* main.cpp */; };
		C7EC6AD3143886700075138D /* MP4Kit.framework in Frameworks */ = {isa = PBXBuildFile; fileRef = C757BB3A13376306002C43F3 /* MP4Kit.framework */; };
/* End PBXBuildFile section */

/* Begin PBXCopyFilesBuildPhase section */
		C79ABA6A133A03600074BDB7 /* CopyFiles */ = {
			isa = PBXCopyFilesBuildPhase;
			buildActionMask = 2147483647;
			dstPath = /usr/share/man/man1/;
			dstSubfolderSpec = 0;
			files = (
			);
			runOnlyForDeploymentPostprocessing = 1;
		};
/* End PBXCopyFilesBuildPhase section */

/* Begin PBXFileReference section */
		C757BB3A13376306002C43F3 /* MP4Kit.framework */ = {isa = PBXFileReference; explicitFileType = wrapper.framework; includeInIndex = 0; path = MP4Kit.framework; sourceTree = BUILT_PRODUCTS_DIR; };
		C757BB4213376306002C43F3 /* Foundation.framework */ = {isa = PBXFileReference; lastKnownFileType = wrapper.framework; name = Foundation.framework; path = System/Library/Frameworks/Foundation.framework; sourceTree = SDKROOT; };
		C757BB4513376306002C43F3 /* MP4Kit-Info.plist */ = {isa = PBXFileReference; lastKnownFileType = text.plist.xml; name = "MP4Kit-Info.plist"; path = "../MP4Kit-Info.plist"; sourceTree = "<group>"; };
		C757BB4713376306002C43F3 /* en */ = {isa = PBXFileReference; lastKnownFileType = text.plist.strings; name = en; path = en.lproj/InfoPlist.strings; sourceTree = "<group>"; };
		C757BB4913376306002C43F3 /* MP4Kit-Prefix.pch */ = {isa = PBXFileReference; lastKnownFileType = sourcecode.c.h; name = "MP4Kit-Prefix.pch"; path = "../MP4Kit-Prefix.pch"; sourceTree = "<group>"; };
		C757BB5613376408002C43F3 /* FMMP4Atom.h */ = {isa = PBXFileReference; fileEncoding = 4; lastKnownFileType = sourcecode.c.h; lineEnding = 0; path = FMMP4Atom.h; sourceTree = "<group>"; xcLanguageSpecificationIdentifier = xcode.lang.objcpp; };
		C757BB5713376408002C43F3 /* FMMP4Atom.cpp */ = {isa = PBXFileReference; fileEncoding = 4; lastKnownFileType = sourcecode.cpp.cpp; lineEnding = 0; path = FMMP4Atom.cpp; sourceTree = "<group>"; xcLanguageSpecificationIdentifier = xcode.lang.cpp; };
		C79ABA6C133A03600074BDB7 /* Demo */ = {isa = PBXFileReference; explicitFileType = "compiled.mach-o.executable"; includeInIndex = 0; path = Demo; sourceTree = BUILT_PRODUCTS_DIR; };
		C79ABA6F133A03600074BDB7 /* main.cpp */ = {isa = PBXFileReference; lastKnownFileType = sourcecode.cpp.cpp; path = main.cpp; sourceTree = "<group>"; };
		C79ABA71133A03600074BDB7 /* Demo.1 */ = {isa = PBXFileReference; lastKnownFileType = text.man; path = Demo.1; sourceTree = "<group>"; };
/* End PBXFileReference section */

/* Begin PBXFrameworksBuildPhase section */
		C757BB3613376306002C43F3 /* Frameworks */ = {
			isa = PBXFrameworksBuildPhase;
			buildActionMask = 2147483647;
			files = (
			);
			runOnlyForDeploymentPostprocessing = 0;
		};
		C79ABA69133A03600074BDB7 /* Frameworks */ = {
			isa = PBXFrameworksBuildPhase;
			buildActionMask = 2147483647;
			files = (
				C7EC6AD3143886700075138D /* MP4Kit.framework in Frameworks */,
			);
			runOnlyForDeploymentPostprocessing = 0;
		};
/* End PBXFrameworksBuildPhase section */

/* Begin PBXGroup section */
		C757BB2E13376306002C43F3 = {
			isa = PBXGroup;
			children = (
				C757BB4313376306002C43F3 /* Source */,
				C757BB4413376306002C43F3 /* Resources */,
				C79ABA6E133A03600074BDB7 /* Demo */,
				C757BB3C13376306002C43F3 /* Frameworks */,
				C757BB3B13376306002C43F3 /* Products */,
			);
			sourceTree = "<group>";
		};
		C757BB3B13376306002C43F3 /* Products */ = {
			isa = PBXGroup;
			children = (
				C757BB3A13376306002C43F3 /* MP4Kit.framework */,
				C79ABA6C133A03600074BDB7 /* Demo */,
			);
			name = Products;
			sourceTree = "<group>";
		};
		C757BB3C13376306002C43F3 /* Frameworks */ = {
			isa = PBXGroup;
			children = (
				C757BB4213376306002C43F3 /* Foundation.framework */,
			);
			name = Frameworks;
			sourceTree = "<group>";
		};
		C757BB4313376306002C43F3 /* Source */ = {
			isa = PBXGroup;
			children = (
				C757BB5613376408002C43F3 /* FMMP4Atom.h */,
				C757BB5713376408002C43F3 /* FMMP4Atom.cpp */,
			);
			path = Source;
			sourceTree = "<group>";
		};
		C757BB4413376306002C43F3 /* Resources */ = {
			isa = PBXGroup;
			children = (
				C757BB4513376306002C43F3 /* MP4Kit-Info.plist */,
				C757BB4613376306002C43F3 /* InfoPlist.strings */,
				C757BB4913376306002C43F3 /* MP4Kit-Prefix.pch */,
			);
			name = Resources;
			path = Source;
			sourceTree = "<group>";
		};
		C79ABA6E133A03600074BDB7 /* Demo */ = {
			isa = PBXGroup;
			children = (
				C79ABA6F133A03600074BDB7 /* main.cpp */,
				C79ABA71133A03600074BDB7 /* Demo.1 */,
			);
			path = Demo;
			sourceTree = "<group>";
		};
/* End PBXGroup section */

/* Begin PBXHeadersBuildPhase section */
		C757BB3713376306002C43F3 /* Headers */ = {
			isa = PBXHeadersBuildPhase;
			buildActionMask = 2147483647;
			files = (
				C757BB5C13376408002C43F3 /* FMMP4Atom.h in Headers */,
			);
			runOnlyForDeploymentPostprocessing = 0;
		};
/* End PBXHeadersBuildPhase section */

/* Begin PBXNativeTarget section */
		C757BB3913376306002C43F3 /* MP4Kit */ = {
			isa = PBXNativeTarget;
			buildConfigurationList = C757BB4C13376306002C43F3 /* Build configuration list for PBXNativeTarget "MP4Kit" */;
			buildPhases = (
				C757BB3513376306002C43F3 /* Sources */,
				C757BB3613376306002C43F3 /* Frameworks */,
				C757BB3713376306002C43F3 /* Headers */,
				C757BB3813376306002C43F3 /* Resources */,
			);
			buildRules = (
			);
			dependencies = (
			);
			name = MP4Kit;
			productName = MP4Kit;
			productReference = C757BB3A13376306002C43F3 /* MP4Kit.framework */;
			productType = "com.apple.product-type.framework";
		};
		C79ABA6B133A03600074BDB7 /* Demo */ = {
			isa = PBXNativeTarget;
			buildConfigurationList = C79ABA74133A03600074BDB7 /* Build configuration list for PBXNativeTarget "Demo" */;
			buildPhases = (
				C79ABA68133A03600074BDB7 /* Sources */,
				C79ABA69133A03600074BDB7 /* Frameworks */,
				C79ABA6A133A03600074BDB7 /* CopyFiles */,
			);
			buildRules = (
			);
			dependencies = (
			);
			name = Demo;
			productName = Demo;
			productReference = C79ABA6C133A03600074BDB7 /* Demo */;
			productType = "com.apple.product-type.tool";
		};
/* End PBXNativeTarget section */

/* Begin PBXProject section */
		C757BB3013376306002C43F3 /* Project object */ = {
			isa = PBXProject;
			attributes = {
				LastUpgradeCheck = 0410;
				ORGANIZATIONNAME = "Felix Morgner";
			};
			buildConfigurationList = C757BB3313376306002C43F3 /* Build configuration list for PBXProject "MP4Kit" */;
			compatibilityVersion = "Xcode 3.2";
			developmentRegion = English;
			hasScannedForEncodings = 0;
			knownRegions = (
				en,
			);
			mainGroup = C757BB2E13376306002C43F3;
			productRefGroup = C757BB3B13376306002C43F3 /* Products */;
			projectDirPath = "";
			projectRoot = "";
			targets = (
				C757BB3913376306002C43F3 /* MP4Kit */,
				C79ABA6B133A03600074BDB7 /* Demo */,
			);
		};
/* End PBXProject section */

/* Begin PBXResourcesBuildPhase section */
		C757BB3813376306002C43F3 /* Resources */ = {
			isa = PBXResourcesBuildPhase;
			buildActionMask = 2147483647;
			files = (
				C757BB4813376306002C43F3 /* InfoPlist.strings in Resources */,
			);
			runOnlyForDeploymentPostprocessing = 0;
		};
/* End PBXResourcesBuildPhase section */

/* Begin PBXSourcesBuildPhase section */
		C757BB3513376306002C43F3 /* Sources */ = {
			isa = PBXSourcesBuildPhase;
			buildActionMask = 2147483647;
			files = (
				C757BB5D13376408002C43F3 /* FMMP4Atom.cpp in Sources */,
			);
			runOnlyForDeploymentPostprocessing = 0;
		};
		C79ABA68133A03600074BDB7 /* Sources */ = {
			isa = PBXSourcesBuildPhase;
			buildActionMask = 2147483647;
			files = (
				C79ABA70133A03600074BDB7 /* main.cpp in Sources */,
			);
			runOnlyForDeploymentPostprocessing = 0;
		};
/* End PBXSourcesBuildPhase section */

/* Begin PBXVariantGroup section */
		C757BB4613376306002C43F3 /* InfoPlist.strings */ = {
			isa = PBXVariantGroup;
			children = (
				C757BB4713376306002C43F3 /* en */,
			);
			name = InfoPlist.strings;
			path = ..;
			sourceTree = "<group>";
		};
/* End PBXVariantGroup section */

/* Begin XCBuildConfiguration section */
		C757BB4A13376306002C43F3 /* Debug */ = {
			isa = XCBuildConfiguration;
			buildSettings = {
				ARCHS = "$(ARCHS_STANDARD_32_64_BIT)";
				GCC_C_LANGUAGE_STANDARD = "compiler-default";
				GCC_OPTIMIZATION_LEVEL = 0;
				GCC_PREPROCESSOR_DEFINITIONS = DEBUG;
				GCC_SYMBOLS_PRIVATE_EXTERN = NO;
				GCC_VERSION = 4.2;
				GCC_WARN_64_TO_32_BIT_CONVERSION = YES;
				GCC_WARN_ABOUT_RETURN_TYPE = YES;
				GCC_WARN_UNUSED_VARIABLE = YES;
				MACOSX_DEPLOYMENT_TARGET = 10.7;
				ONLY_ACTIVE_ARCH = YES;
				SDKROOT = macosx;
			};
			name = Debug;
		};
		C757BB4B13376306002C43F3 /* Release */ = {
			isa = XCBuildConfiguration;
			buildSettings = {
				ARCHS = "$(ARCHS_STANDARD_32_64_BIT)";
				GCC_C_LANGUAGE_STANDARD = "compiler-default";
				GCC_VERSION = 4.2;
				GCC_WARN_64_TO_32_BIT_CONVERSION = YES;
				GCC_WARN_ABOUT_RETURN_TYPE = YES;
				GCC_WARN_UNUSED_VARIABLE = YES;
				MACOSX_DEPLOYMENT_TARGET = 10.7;
				SDKROOT = macosx;
			};
			name = Release;
		};
		C757BB4D13376306002C43F3 /* Debug */ = {
			isa = XCBuildConfiguration;
			buildSettings = {
				ALWAYS_SEARCH_USER_PATHS = NO;
				CODE_SIGN_IDENTITY = "";
				COPY_PHASE_STRIP = NO;
				DYLIB_COMPATIBILITY_VERSION = 1;
				DYLIB_CURRENT_VERSION = 1;
				FRAMEWORK_VERSION = A;
				GCC_DYNAMIC_NO_PIC = NO;
				GCC_ENABLE_OBJC_EXCEPTIONS = YES;
				GCC_PRECOMPILE_PREFIX_HEADER = YES;
				GCC_PREFIX_HEADER = "MP4Kit-Prefix.pch";
				GCC_VERSION = com.apple.compilers.llvm.clang.1_0;
				INFOPLIST_FILE = "MP4Kit-Info.plist";
				INSTALL_PATH = "@rpath";
				PRODUCT_NAME = "$(TARGET_NAME)";
				WRAPPER_EXTENSION = framework;
			};
			name = Debug;
		};
		C757BB4E13376306002C43F3 /* Release */ = {
			isa = XCBuildConfiguration;
			buildSettings = {
				ALWAYS_SEARCH_USER_PATHS = NO;
				CODE_SIGN_IDENTITY = "";
				COPY_PHASE_STRIP = YES;
				DEBUG_INFORMATION_FORMAT = "dwarf-with-dsym";
				DYLIB_COMPATIBILITY_VERSION = 1;
				DYLIB_CURRENT_VERSION = 1;
				FRAMEWORK_VERSION = A;
				GCC_ENABLE_OBJC_EXCEPTIONS = YES;
				GCC_PRECOMPILE_PREFIX_HEADER = YES;
				GCC_PREFIX_HEADER = "MP4Kit-Prefix.pch";
				GCC_VERSION = com.apple.compilers.llvm.clang.1_0;
				INFOPLIST_FILE = "MP4Kit-Info.plist";
				INSTALL_PATH = "@rpath";
				PRODUCT_NAME = "$(TARGET_NAME)";
				WRAPPER_EXTENSION = framework;
			};
			name = Release;
		};
		C79ABA72133A03600074BDB7 /* Debug */ = {
			isa = XCBuildConfiguration;
			buildSettings = {
				ALWAYS_SEARCH_USER_PATHS = NO;
				COPY_PHASE_STRIP = NO;
				GCC_DYNAMIC_NO_PIC = NO;
				GCC_ENABLE_OBJC_EXCEPTIONS = YES;
				GCC_VERSION = com.apple.compilers.llvm.clang.1_0;
				LIBRARY_SEARCH_PATHS = "$(inherited)";
				PRODUCT_NAME = "$(TARGET_NAME)";
			};
			name = Debug;
		};
		C79ABA73133A03600074BDB7 /* Release */ = {
			isa = XCBuildConfiguration;
			buildSettings = {
				ALWAYS_SEARCH_USER_PATHS = NO;
				COPY_PHASE_STRIP = YES;
				DEBUG_INFORMATION_FORMAT = "dwarf-with-dsym";
				GCC_ENABLE_OBJC_EXCEPTIONS = YES;
				GCC_VERSION = com.apple.compilers.llvm.clang.1_0;
				LIBRARY_SEARCH_PATHS = "$(inherited)";
				PRODUCT_NAME = "$(TARGET_NAME)";
			};
			name = Release;
		};
/* End XCBuildConfiguration section */

/* Begin XCConfigurationList section */
		C757BB3313376306002C43F3 /* Build configuration list for PBXProject "MP4Kit" */ = {
			isa = XCConfigurationList;
			buildConfigurations = (
				C757BB4A13376306002C43F3 /* Debug */,
				C757BB4B13376306002C43F3 /* Release */,
			);
			defaultConfigurationIsVisible = 0;
			defaultConfigurationName = Release;
		};
		C757BB4C13376306002C43F3 /* Build configuration list for PBXNativeTarget "MP4Kit" */ = {
			isa = XCConfigurationList;
			buildConfigurations = (
				C757BB4D13376306002C43F3 /* Debug */,
				C757BB4E13376306002C43F3 /* Release */,
			);
			defaultConfigurationIsVisible = 0;
			defaultConfigurationName = Release;
		};
		C79ABA74133A03600074BDB7 /* Build configuration list for PBXNativeTarget "Demo" */ = {
			isa = XCConfigurationList;
			buildConfigurations = (
				C79ABA72133A03600074BDB7 /* Debug */,
				C79ABA73133A03600074BDB7 /* Release */,
			);
			defaultConfigurationIsVisible = 0;
			defaultConfigurationName = Release;
		};
/* End XCConfigurationList section */
	};
	rootObject = C757BB3013376306002C43F3 /* Project object */;
}
